
Microsoft Visual Studio Solution File, Format Version 12.00
# Visual Studio 15
VisualStudioVersion = 15.0.28307.779
MinimumVisualStudioVersion = 10.0.40219.1
Project("{159641D6-6404-4A2A-AE62-294DE0FE8301}") = "etlVentaCelularFull", "etlVentaCelularFull\etlVentaCelularFull.dtproj", "{A58A31B0-705E-4BDC-AB5F-BD831A2C38CB}"
EndProject
Global
	GlobalSection(SolutionConfigurationPlatforms) = preSolution
		Development|Default = Development|Default
	EndGlobalSection
	GlobalSection(ProjectConfigurationPlatforms) = postSolution
		{A58A31B0-705E-4BDC-AB5F-BD831A2C38CB}.Development|Default.ActiveCfg = Development
		{A58A31B0-705E-4BDC-AB5F-BD831A2C38CB}.Development|Default.Build.0 = Development
	EndGlobalSection
	GlobalSection(SolutionProperties) = preSolution
		HideSolutionNode = FALSE
	EndGlobalSection
	GlobalSection(ExtensibilityGlobals) = postSolution
		SolutionGuid = {C3961CF2-2588-49FC-937B-C8FABD280C6C}
	EndGlobalSection
EndGlobal
