
Microsoft Visual Studio Solution File, Format Version 12.00
# Visual Studio Version 16
VisualStudioVersion = 16.0.29509.3
MinimumVisualStudioVersion = 10.0.40219.1
Project("{159641D6-6404-4A2A-AE62-294DE0FE8301}") = "SolemneParte02", "SolemneParte02.dtproj", "{E1BBED3F-3A3D-43C9-8EFD-6676C22A5601}"
EndProject
Global
	GlobalSection(SolutionConfigurationPlatforms) = preSolution
		Development|Default = Development|Default
	EndGlobalSection
	GlobalSection(ProjectConfigurationPlatforms) = postSolution
		{E1BBED3F-3A3D-43C9-8EFD-6676C22A5601}.Development|Default.ActiveCfg = Development
		{E1BBED3F-3A3D-43C9-8EFD-6676C22A5601}.Development|Default.Build.0 = Development
	EndGlobalSection
	GlobalSection(SolutionProperties) = preSolution
		HideSolutionNode = FALSE
	EndGlobalSection
	GlobalSection(ExtensibilityGlobals) = postSolution
		SolutionGuid = {B5437A9A-61FE-43D6-9B22-DFDEDBEEA305}
	EndGlobalSection
EndGlobal
